
Microsoft Visual Studio Solution File, Format Version 12.00
# Visual Studio 15
VisualStudioVersion = 15.0.27703.2042
MinimumVisualStudioVersion = 10.0.40219.1
Project("{FAE04EC0-301F-11D3-BF4B-00C04F79EFBC}") = "BitmexSampleBotGoran", "BitmexSampleBotGoran\BitmexSampleBotGoran.csproj", "{707BE398-98BD-4C46-BB1A-247652B3F0EE}"
EndProject
Global
	GlobalSection(SolutionConfigurationPlatforms) = preSolution
		Debug|Any CPU = Debug|Any CPU
		Release|Any CPU = Release|Any CPU
	EndGlobalSection
	GlobalSection(ProjectConfigurationPlatforms) = postSolution
		{707BE398-98BD-4C46-BB1A-247652B3F0EE}.Debug|Any CPU.ActiveCfg = Debug|Any CPU
		{707BE398-98BD-4C46-BB1A-247652B3F0EE}.Debug|Any CPU.Build.0 = Debug|Any CPU
		{707BE398-98BD-4C46-BB1A-247652B3F0EE}.Release|Any CPU.ActiveCfg = Debug|Any CPU
		{707BE398-98BD-4C46-BB1A-247652B3F0EE}.Release|Any CPU.Build.0 = Debug|Any CPU
	EndGlobalSection
	GlobalSection(SolutionProperties) = preSolution
		HideSolutionNode = FALSE
	EndGlobalSection
	GlobalSection(ExtensibilityGlobals) = postSolution
		SolutionGuid = {0E0C36BB-60A4-497B-9899-24CC02486FFC}
	EndGlobalSection
EndGlobal
